
Microsoft Visual Studio Solution File, Format Version 12.00
# Visual Studio 2013
VisualStudioVersion = 12.0.31101.0
MinimumVisualStudioVersion = 10.0.40219.1
Project("{FAE04EC0-301F-11D3-BF4B-00C04F79EFBC}") = "CrossoverStockExchange", "CrossoverStockExchange\CrossoverStockExchange.csproj", "{FFCD8E8A-3841-4756-AFE0-F1B8BC8B6F54}"
EndProject
Project("{FAE04EC0-301F-11D3-BF4B-00C04F79EFBC}") = "CrossoverStockExchange.Core", "CrossoverStockExchange.Core\CrossoverStockExchange.Core.csproj", "{5D634BC2-A658-4FC5-9591-388E13D2BFE1}"
EndProject
Project("{FAE04EC0-301F-11D3-BF4B-00C04F79EFBC}") = "CrossoverStockExchange.Dal", "CrossoverStockExchange.Dal\CrossoverStockExchange.Dal.csproj", "{B8A57020-CCD5-47E4-B4A3-7E8165EE0B65}"
EndProject
Project("{FAE04EC0-301F-11D3-BF4B-00C04F79EFBC}") = "CrossoverStockExchange.WebService", "CrossoverStockExchange.WebService\CrossoverStockExchange.WebService.csproj", "{40CC4FA5-719D-4615-94B1-FB7D6CCB6899}"
EndProject
Global
	GlobalSection(SolutionConfigurationPlatforms) = preSolution
		Debug|Any CPU = Debug|Any CPU
		Release|Any CPU = Release|Any CPU
	EndGlobalSection
	GlobalSection(ProjectConfigurationPlatforms) = postSolution
		{FFCD8E8A-3841-4756-AFE0-F1B8BC8B6F54}.Debug|Any CPU.ActiveCfg = Debug|Any CPU
		{FFCD8E8A-3841-4756-AFE0-F1B8BC8B6F54}.Debug|Any CPU.Build.0 = Debug|Any CPU
		{FFCD8E8A-3841-4756-AFE0-F1B8BC8B6F54}.Release|Any CPU.ActiveCfg = Release|Any CPU
		{FFCD8E8A-3841-4756-AFE0-F1B8BC8B6F54}.Release|Any CPU.Build.0 = Release|Any CPU
		{5D634BC2-A658-4FC5-9591-388E13D2BFE1}.Debug|Any CPU.ActiveCfg = Debug|Any CPU
		{5D634BC2-A658-4FC5-9591-388E13D2BFE1}.Debug|Any CPU.Build.0 = Debug|Any CPU
		{5D634BC2-A658-4FC5-9591-388E13D2BFE1}.Release|Any CPU.ActiveCfg = Release|Any CPU
		{5D634BC2-A658-4FC5-9591-388E13D2BFE1}.Release|Any CPU.Build.0 = Release|Any CPU
		{B8A57020-CCD5-47E4-B4A3-7E8165EE0B65}.Debug|Any CPU.ActiveCfg = Debug|Any CPU
		{B8A57020-CCD5-47E4-B4A3-7E8165EE0B65}.Debug|Any CPU.Build.0 = Debug|Any CPU
		{B8A57020-CCD5-47E4-B4A3-7E8165EE0B65}.Release|Any CPU.ActiveCfg = Release|Any CPU
		{B8A57020-CCD5-47E4-B4A3-7E8165EE0B65}.Release|Any CPU.Build.0 = Release|Any CPU
		{40CC4FA5-719D-4615-94B1-FB7D6CCB6899}.Debug|Any CPU.ActiveCfg = Debug|Any CPU
		{40CC4FA5-719D-4615-94B1-FB7D6CCB6899}.Debug|Any CPU.Build.0 = Debug|Any CPU
		{40CC4FA5-719D-4615-94B1-FB7D6CCB6899}.Release|Any CPU.ActiveCfg = Release|Any CPU
		{40CC4FA5-719D-4615-94B1-FB7D6CCB6899}.Release|Any CPU.Build.0 = Release|Any CPU
	EndGlobalSection
	GlobalSection(SolutionProperties) = preSolution
		HideSolutionNode = FALSE
	EndGlobalSection
EndGlobal
